
Microsoft Visual Studio Solution File, Format Version 12.00
# Visual Studio Version 17
VisualStudioVersion = 17.5.33414.496
MinimumVisualStudioVersion = 10.0.40219.1
Project("{FAE04EC0-301F-11D3-BF4B-00C04F79EFBC}") = "MyAPI", "MyAPI\MyAPI.csproj", "{EF7A02DA-7A31-4C35-B502-C19B81E26501}"
EndProject
Project("{E53339B2-1760-4266-BCC7-CA923CBCF16C}") = "docker-compose", "docker-compose.dcproj", "{2784AB7F-85CC-4631-8651-DA1FF36F4C09}"
EndProject
Global
	GlobalSection(SolutionConfigurationPlatforms) = preSolution
		Debug|Any CPU = Debug|Any CPU
		Release|Any CPU = Release|Any CPU
	EndGlobalSection
	GlobalSection(ProjectConfigurationPlatforms) = postSolution
		{EF7A02DA-7A31-4C35-B502-C19B81E26501}.Debug|Any CPU.ActiveCfg = Debug|Any CPU
		{EF7A02DA-7A31-4C35-B502-C19B81E26501}.Debug|Any CPU.Build.0 = Debug|Any CPU
		{EF7A02DA-7A31-4C35-B502-C19B81E26501}.Release|Any CPU.ActiveCfg = Release|Any CPU
		{EF7A02DA-7A31-4C35-B502-C19B81E26501}.Release|Any CPU.Build.0 = Release|Any CPU
		{2784AB7F-85CC-4631-8651-DA1FF36F4C09}.Debug|Any CPU.ActiveCfg = Debug|Any CPU
		{2784AB7F-85CC-4631-8651-DA1FF36F4C09}.Debug|Any CPU.Build.0 = Debug|Any CPU
		{2784AB7F-85CC-4631-8651-DA1FF36F4C09}.Release|Any CPU.ActiveCfg = Release|Any CPU
		{2784AB7F-85CC-4631-8651-DA1FF36F4C09}.Release|Any CPU.Build.0 = Release|Any CPU
	EndGlobalSection
	GlobalSection(SolutionProperties) = preSolution
		HideSolutionNode = FALSE
	EndGlobalSection
	GlobalSection(ExtensibilityGlobals) = postSolution
		SolutionGuid = {23594453-7FA9-4327-9B55-B12C1CAD8F32}
	EndGlobalSection
EndGlobal
